
Microsoft Visual Studio Solution File, Format Version 12.00
# Visual Studio Version 17
VisualStudioVersion = 17.0.31903.59
MinimumVisualStudioVersion = 10.0.40219.1
Project("{9A19103F-16F7-4668-BE54-9A1E7A4F7556}") = "GeoWallECompiler", "GeoWallECompiler\GeoWallECompiler.csproj", "{93FEFDCC-0C70-49B4-8714-5DC263000CF3}"
EndProject
Project("{9A19103F-16F7-4668-BE54-9A1E7A4F7556}") = "ConsoleTester", "ConsoleTester\ConsoleTester.csproj", "{7F83686F-6307-4EC1-A044-6119383E23EE}"
EndProject
Project("{9A19103F-16F7-4668-BE54-9A1E7A4F7556}") = "GWalleWFUI", "GWalleWFUI\GWalleWFUI.csproj", "{FF1E582F-632A-4198-86DB-47551F02C9AE}"
EndProject
Project("{FAE04EC0-301F-11D3-BF4B-00C04F79EFBC}") = "AppInterface", "AppInterface\AppInterface.csproj", "{78EEE2C7-1A37-4C07-9AF0-7A78AD9D8ED1}"
EndProject
Global
	GlobalSection(SolutionConfigurationPlatforms) = preSolution
		Debug|Any CPU = Debug|Any CPU
		Release|Any CPU = Release|Any CPU
	EndGlobalSection
	GlobalSection(ProjectConfigurationPlatforms) = postSolution
		{93FEFDCC-0C70-49B4-8714-5DC263000CF3}.Debug|Any CPU.ActiveCfg = Debug|Any CPU
		{93FEFDCC-0C70-49B4-8714-5DC263000CF3}.Debug|Any CPU.Build.0 = Debug|Any CPU
		{93FEFDCC-0C70-49B4-8714-5DC263000CF3}.Release|Any CPU.ActiveCfg = Release|Any CPU
		{93FEFDCC-0C70-49B4-8714-5DC263000CF3}.Release|Any CPU.Build.0 = Release|Any CPU
		{7F83686F-6307-4EC1-A044-6119383E23EE}.Debug|Any CPU.ActiveCfg = Debug|Any CPU
		{7F83686F-6307-4EC1-A044-6119383E23EE}.Debug|Any CPU.Build.0 = Debug|Any CPU
		{7F83686F-6307-4EC1-A044-6119383E23EE}.Release|Any CPU.ActiveCfg = Release|Any CPU
		{7F83686F-6307-4EC1-A044-6119383E23EE}.Release|Any CPU.Build.0 = Release|Any CPU
		{FF1E582F-632A-4198-86DB-47551F02C9AE}.Debug|Any CPU.ActiveCfg = Debug|Any CPU
		{FF1E582F-632A-4198-86DB-47551F02C9AE}.Debug|Any CPU.Build.0 = Debug|Any CPU
		{FF1E582F-632A-4198-86DB-47551F02C9AE}.Release|Any CPU.ActiveCfg = Release|Any CPU
		{FF1E582F-632A-4198-86DB-47551F02C9AE}.Release|Any CPU.Build.0 = Release|Any CPU
		{78EEE2C7-1A37-4C07-9AF0-7A78AD9D8ED1}.Debug|Any CPU.ActiveCfg = Debug|Any CPU
		{78EEE2C7-1A37-4C07-9AF0-7A78AD9D8ED1}.Debug|Any CPU.Build.0 = Debug|Any CPU
		{78EEE2C7-1A37-4C07-9AF0-7A78AD9D8ED1}.Debug|Any CPU.Deploy.0 = Debug|Any CPU
		{78EEE2C7-1A37-4C07-9AF0-7A78AD9D8ED1}.Release|Any CPU.ActiveCfg = Release|Any CPU
		{78EEE2C7-1A37-4C07-9AF0-7A78AD9D8ED1}.Release|Any CPU.Build.0 = Release|Any CPU
		{78EEE2C7-1A37-4C07-9AF0-7A78AD9D8ED1}.Release|Any CPU.Deploy.0 = Release|Any CPU
	EndGlobalSection
	GlobalSection(SolutionProperties) = preSolution
		HideSolutionNode = FALSE
	EndGlobalSection
	GlobalSection(ExtensibilityGlobals) = postSolution
		SolutionGuid = {6A2B07D3-1A23-4B93-AE79-3D22A3FC4EC1}
	EndGlobalSection
EndGlobal
